
Microsoft Visual Studio Solution File, Format Version 12.00
# Visual Studio 15
VisualStudioVersion = 15.0.27703.2035
MinimumVisualStudioVersion = 10.0.40219.1
Project("{FAE04EC0-301F-11D3-BF4B-00C04F79EFBC}") = "RSSWebAppGenerali", "RSSWebAppGenerali\RSSWebAppGenerali.csproj", "{1C6C8348-61E1-46EE-9196-DBC109E799EE}"
EndProject
Global
	GlobalSection(SolutionConfigurationPlatforms) = preSolution
		Debug|Any CPU = Debug|Any CPU
		Release|Any CPU = Release|Any CPU
	EndGlobalSection
	GlobalSection(ProjectConfigurationPlatforms) = postSolution
		{1C6C8348-61E1-46EE-9196-DBC109E799EE}.Debug|Any CPU.ActiveCfg = Debug|Any CPU
		{1C6C8348-61E1-46EE-9196-DBC109E799EE}.Debug|Any CPU.Build.0 = Debug|Any CPU
		{1C6C8348-61E1-46EE-9196-DBC109E799EE}.Release|Any CPU.ActiveCfg = Release|Any CPU
		{1C6C8348-61E1-46EE-9196-DBC109E799EE}.Release|Any CPU.Build.0 = Release|Any CPU
	EndGlobalSection
	GlobalSection(SolutionProperties) = preSolution
		HideSolutionNode = FALSE
	EndGlobalSection
	GlobalSection(ExtensibilityGlobals) = postSolution
		SolutionGuid = {D18ABCD0-FD24-4660-B097-CC9EDC0A01DF}
	EndGlobalSection
EndGlobal
